
Microsoft Visual Studio Solution File, Format Version 12.00
# Visual Studio Version 17
VisualStudioVersion = 17.5.33424.131
MinimumVisualStudioVersion = 10.0.40219.1
Project("{9A19103F-16F7-4668-BE54-9A1E7A4F7556}") = "ListaExercicios.Exercicio01", "ListaExercicio\ListaExercicios.Exercicio01.csproj", "{9CF62511-A4A6-4E94-AA54-63D6E24C679D}"
EndProject
Project("{9A19103F-16F7-4668-BE54-9A1E7A4F7556}") = "ListaExercicios.Exercicio03", "ConversordeTemperatura\ListaExercicios.Exercicio03.csproj", "{D93BB3B2-2450-4310-986C-AB25A5CFDE65}"
EndProject
Project("{9A19103F-16F7-4668-BE54-9A1E7A4F7556}") = "ListaExercicios.Exercicio02", "VolumeCilindro\ListaExercicios.Exercicio02.csproj", "{50D635C1-B181-459E-9858-844807BC1E95}"
EndProject
Project("{9A19103F-16F7-4668-BE54-9A1E7A4F7556}") = "ListaExercicios.Exercicio04", "ListaExercicios.Exercicio04\ListaExercicios.Exercicio04.csproj", "{F28FA102-6D79-4887-8CA7-6DC1FC14163E}"
EndProject
Project("{9A19103F-16F7-4668-BE54-9A1E7A4F7556}") = "ListaExercicios.Exercicio05", "ListaExercicios.Exercicio05\ListaExercicios.Exercicio05.csproj", "{387FEC7E-4F3F-4CA8-869B-EE8489A7FAE1}"
EndProject
Project("{9A19103F-16F7-4668-BE54-9A1E7A4F7556}") = "ListaExercicios.Exercicio07", "ListaExercicios.Exercicio06\ListaExercicios.Exercicio07.csproj", "{B997BF3B-5640-4438-A295-682FD4344B1F}"
EndProject
Project("{9A19103F-16F7-4668-BE54-9A1E7A4F7556}") = "ListaExercicios.Exercicio06", "ListaExercicios.Exercicio08\ListaExercicios.Exercicio06.csproj", "{F27401EE-B3BF-4AC8-896E-E417A940A9FC}"
EndProject
Project("{9A19103F-16F7-4668-BE54-9A1E7A4F7556}") = "ListaExercicios.Exercicio08", "ListaExercicios.Exercicio8\ListaExercicios.Exercicio08.csproj", "{ED54BBDD-7035-4990-A38E-DFC2E2265069}"
EndProject
Project("{9A19103F-16F7-4668-BE54-9A1E7A4F7556}") = "ListaExercicios.Exercicio09", "ListaExercicios.Exercicio9\ListaExercicios.Exercicio09.csproj", "{C93578D1-C9BD-49C4-805E-C7DEDBBE85A5}"
EndProject
Project("{9A19103F-16F7-4668-BE54-9A1E7A4F7556}") = "ListaExercicios.Exercicio10", "ListaExercicios.Exercicio10\ListaExercicios.Exercicio10.csproj", "{A8161EE3-0EE7-4B1B-AAAF-70B0E28C2E2E}"
EndProject
Project("{9A19103F-16F7-4668-BE54-9A1E7A4F7556}") = "ListaExercicios.Exercicio11", "ListaExercicios.Exercicio11\ListaExercicios.Exercicio11.csproj", "{9631E003-5E9B-4961-A088-C86060EB91A7}"
EndProject
Project("{9A19103F-16F7-4668-BE54-9A1E7A4F7556}") = "ListaExercicios.Exercicio12", "ListaExercicios.Exercicio12\ListaExercicios.Exercicio12.csproj", "{690A179D-EBCC-499C-BC7C-773ACBB9C22D}"
EndProject
Project("{9A19103F-16F7-4668-BE54-9A1E7A4F7556}") = "ListaExercicios.Exercicio13", "ListaExercicios.Exercicio13\ListaExercicios.Exercicio13.csproj", "{4C392FF6-9DFC-4E28-A0F9-4A6B8C011BFA}"
EndProject
Project("{9A19103F-16F7-4668-BE54-9A1E7A4F7556}") = "ListaExercicios.Exercicio14", "ListaExercicios.Exercicio14\ListaExercicios.Exercicio14.csproj", "{DD45607F-A05C-4898-9A30-4A66CD5E76C5}"
EndProject
Project("{9A19103F-16F7-4668-BE54-9A1E7A4F7556}") = "ListaExercicios.Exercicio15", "ListaExercicios.Exercicio15\ListaExercicios.Exercicio15.csproj", "{8F4CC825-88E9-47A9-8EAA-F24DE6AC1C2B}"
EndProject
Project("{9A19103F-16F7-4668-BE54-9A1E7A4F7556}") = "ListaExercicios.Exercicio16", "ListaExercicios.Exercicio16\ListaExercicios.Exercicio16.csproj", "{9C9A4141-CBCE-489C-9E77-0A481C04A269}"
EndProject
Project("{2150E333-8FDC-42A3-9474-1A3956D46DE8}") = "Primeiro", "Primeiro", "{AD2CD9CB-E881-4E9D-9412-B95BA823377A}"
EndProject
Project("{2150E333-8FDC-42A3-9474-1A3956D46DE8}") = "Segundo", "Segundo", "{52AB0427-5C07-4F3F-A4F0-B5D9244080EB}"
EndProject
Project("{9A19103F-16F7-4668-BE54-9A1E7A4F7556}") = "listaExercicio.Exercicio17", "listaExercicio.Exercicio17\listaExercicio.Exercicio17.csproj", "{6838A88E-B08C-4C5D-A95C-4C5C8B760EC6}"
EndProject
Project("{9A19103F-16F7-4668-BE54-9A1E7A4F7556}") = "listaExercicio.Exercicio18", "listaExercicio.Exercicio18\listaExercicio.Exercicio18.csproj", "{79E8F58F-09F9-4AC4-9835-160A21AF40C1}"
EndProject
Project("{9A19103F-16F7-4668-BE54-9A1E7A4F7556}") = "listaExercicio.Exercicio19", "listaExercicio.Exercicio19\listaExercicio.Exercicio19.csproj", "{EA174694-825A-481B-945D-9175CBB43E42}"
EndProject
Project("{9A19103F-16F7-4668-BE54-9A1E7A4F7556}") = "listaExercicio.Exercicio20", "listaExercicio.Exercicio20\listaExercicio.Exercicio20.csproj", "{83E0A026-A11C-4615-9085-44E6A3FA75D8}"
EndProject
Project("{9A19103F-16F7-4668-BE54-9A1E7A4F7556}") = "listaExercicio.Exercicio21e22", "listaExercicio.Exercicio21\listaExercicio.Exercicio21e22.csproj", "{5A29B874-8047-40A1-BD17-4E4B932A288A}"
EndProject
Project("{9A19103F-16F7-4668-BE54-9A1E7A4F7556}") = "listaExercicio.Exercicio23", "listaExercicio.Exercicio23\listaExercicio.Exercicio23.csproj", "{2E270BA8-119D-434D-99E7-F0151EFBADF6}"
EndProject
Project("{9A19103F-16F7-4668-BE54-9A1E7A4F7556}") = "listaExercicio.Exercicio24", "listaExercicio.Exercicio24\listaExercicio.Exercicio24.csproj", "{1009E225-C857-4108-964B-9DC697D5F6F1}"
EndProject
Project("{9A19103F-16F7-4668-BE54-9A1E7A4F7556}") = "listaExercicio.Exercicio25", "listaExercicio.Exercicio25\listaExercicio.Exercicio25.csproj", "{B4349FD0-7750-4813-A9A4-71AE6FD9C654}"
EndProject
Project("{9A19103F-16F7-4668-BE54-9A1E7A4F7556}") = "listaExercicio.Exercicio26", "listaExercicio.Exercicio26\listaExercicio.Exercicio26.csproj", "{14C279E3-7DE3-4104-8186-9640609D526A}"
EndProject
Project("{FAE04EC0-301F-11D3-BF4B-00C04F79EFBC}") = "listaExercicio.Exercicio27", "listaExercicio.Exercicio27\listaExercicio.Exercicio27.csproj", "{172E6091-2DD3-4095-A468-D18D6B8E8893}"
EndProject
Project("{FAE04EC0-301F-11D3-BF4B-00C04F79EFBC}") = "listaExercicio.Exercicio28", "listaExercicio.Exercicio28\listaExercicio.Exercicio28.csproj", "{F94AE8EE-0D19-47E6-9FF3-A5434A801A8D}"
EndProject
Project("{FAE04EC0-301F-11D3-BF4B-00C04F79EFBC}") = "listaExercicio.Exercicio29", "listaExercicio.Exercicio29\listaExercicio.Exercicio29.csproj", "{8F7AECF4-B46A-4037-9E9E-D577377E5B0F}"
EndProject
Project("{2150E333-8FDC-42A3-9474-1A3956D46DE8}") = "Terceiro", "Terceiro", "{6AD2211F-5459-4005-A511-32C33E32C227}"
EndProject
Global
	GlobalSection(SolutionConfigurationPlatforms) = preSolution
		Debug|Any CPU = Debug|Any CPU
		Release|Any CPU = Release|Any CPU
	EndGlobalSection
	GlobalSection(ProjectConfigurationPlatforms) = postSolution
		{9CF62511-A4A6-4E94-AA54-63D6E24C679D}.Debug|Any CPU.ActiveCfg = Debug|Any CPU
		{9CF62511-A4A6-4E94-AA54-63D6E24C679D}.Debug|Any CPU.Build.0 = Debug|Any CPU
		{9CF62511-A4A6-4E94-AA54-63D6E24C679D}.Release|Any CPU.ActiveCfg = Release|Any CPU
		{9CF62511-A4A6-4E94-AA54-63D6E24C679D}.Release|Any CPU.Build.0 = Release|Any CPU
		{D93BB3B2-2450-4310-986C-AB25A5CFDE65}.Debug|Any CPU.ActiveCfg = Debug|Any CPU
		{D93BB3B2-2450-4310-986C-AB25A5CFDE65}.Debug|Any CPU.Build.0 = Debug|Any CPU
		{D93BB3B2-2450-4310-986C-AB25A5CFDE65}.Release|Any CPU.ActiveCfg = Release|Any CPU
		{D93BB3B2-2450-4310-986C-AB25A5CFDE65}.Release|Any CPU.Build.0 = Release|Any CPU
		{50D635C1-B181-459E-9858-844807BC1E95}.Debug|Any CPU.ActiveCfg = Debug|Any CPU
		{50D635C1-B181-459E-9858-844807BC1E95}.Debug|Any CPU.Build.0 = Debug|Any CPU
		{50D635C1-B181-459E-9858-844807BC1E95}.Release|Any CPU.ActiveCfg = Release|Any CPU
		{50D635C1-B181-459E-9858-844807BC1E95}.Release|Any CPU.Build.0 = Release|Any CPU
		{F28FA102-6D79-4887-8CA7-6DC1FC14163E}.Debug|Any CPU.ActiveCfg = Debug|Any CPU
		{F28FA102-6D79-4887-8CA7-6DC1FC14163E}.Debug|Any CPU.Build.0 = Debug|Any CPU
		{F28FA102-6D79-4887-8CA7-6DC1FC14163E}.Release|Any CPU.ActiveCfg = Release|Any CPU
		{F28FA102-6D79-4887-8CA7-6DC1FC14163E}.Release|Any CPU.Build.0 = Release|Any CPU
		{387FEC7E-4F3F-4CA8-869B-EE8489A7FAE1}.Debug|Any CPU.ActiveCfg = Debug|Any CPU
		{387FEC7E-4F3F-4CA8-869B-EE8489A7FAE1}.Debug|Any CPU.Build.0 = Debug|Any CPU
		{387FEC7E-4F3F-4CA8-869B-EE8489A7FAE1}.Release|Any CPU.ActiveCfg = Release|Any CPU
		{387FEC7E-4F3F-4CA8-869B-EE8489A7FAE1}.Release|Any CPU.Build.0 = Release|Any CPU
		{B997BF3B-5640-4438-A295-682FD4344B1F}.Debug|Any CPU.ActiveCfg = Debug|Any CPU
		{B997BF3B-5640-4438-A295-682FD4344B1F}.Debug|Any CPU.Build.0 = Debug|Any CPU
		{B997BF3B-5640-4438-A295-682FD4344B1F}.Release|Any CPU.ActiveCfg = Release|Any CPU
		{B997BF3B-5640-4438-A295-682FD4344B1F}.Release|Any CPU.Build.0 = Release|Any CPU
		{F27401EE-B3BF-4AC8-896E-E417A940A9FC}.Debug|Any CPU.ActiveCfg = Debug|Any CPU
		{F27401EE-B3BF-4AC8-896E-E417A940A9FC}.Debug|Any CPU.Build.0 = Debug|Any CPU
		{F27401EE-B3BF-4AC8-896E-E417A940A9FC}.Release|Any CPU.ActiveCfg = Release|Any CPU
		{F27401EE-B3BF-4AC8-896E-E417A940A9FC}.Release|Any CPU.Build.0 = Release|Any CPU
		{ED54BBDD-7035-4990-A38E-DFC2E2265069}.Debug|Any CPU.ActiveCfg = Debug|Any CPU
		{ED54BBDD-7035-4990-A38E-DFC2E2265069}.Debug|Any CPU.Build.0 = Debug|Any CPU
		{ED54BBDD-7035-4990-A38E-DFC2E2265069}.Release|Any CPU.ActiveCfg = Release|Any CPU
		{ED54BBDD-7035-4990-A38E-DFC2E2265069}.Release|Any CPU.Build.0 = Release|Any CPU
		{C93578D1-C9BD-49C4-805E-C7DEDBBE85A5}.Debug|Any CPU.ActiveCfg = Debug|Any CPU
		{C93578D1-C9BD-49C4-805E-C7DEDBBE85A5}.Debug|Any CPU.Build.0 = Debug|Any CPU
		{C93578D1-C9BD-49C4-805E-C7DEDBBE85A5}.Release|Any CPU.ActiveCfg = Release|Any CPU
		{C93578D1-C9BD-49C4-805E-C7DEDBBE85A5}.Release|Any CPU.Build.0 = Release|Any CPU
		{A8161EE3-0EE7-4B1B-AAAF-70B0E28C2E2E}.Debug|Any CPU.ActiveCfg = Debug|Any CPU
		{A8161EE3-0EE7-4B1B-AAAF-70B0E28C2E2E}.Debug|Any CPU.Build.0 = Debug|Any CPU
		{A8161EE3-0EE7-4B1B-AAAF-70B0E28C2E2E}.Release|Any CPU.ActiveCfg = Release|Any CPU
		{A8161EE3-0EE7-4B1B-AAAF-70B0E28C2E2E}.Release|Any CPU.Build.0 = Release|Any CPU
		{9631E003-5E9B-4961-A088-C86060EB91A7}.Debug|Any CPU.ActiveCfg = Debug|Any CPU
		{9631E003-5E9B-4961-A088-C86060EB91A7}.Debug|Any CPU.Build.0 = Debug|Any CPU
		{9631E003-5E9B-4961-A088-C86060EB91A7}.Release|Any CPU.ActiveCfg = Release|Any CPU
		{9631E003-5E9B-4961-A088-C86060EB91A7}.Release|Any CPU.Build.0 = Release|Any CPU
		{690A179D-EBCC-499C-BC7C-773ACBB9C22D}.Debug|Any CPU.ActiveCfg = Debug|Any CPU
		{690A179D-EBCC-499C-BC7C-773ACBB9C22D}.Debug|Any CPU.Build.0 = Debug|Any CPU
		{690A179D-EBCC-499C-BC7C-773ACBB9C22D}.Release|Any CPU.ActiveCfg = Release|Any CPU
		{690A179D-EBCC-499C-BC7C-773ACBB9C22D}.Release|Any CPU.Build.0 = Release|Any CPU
		{4C392FF6-9DFC-4E28-A0F9-4A6B8C011BFA}.Debug|Any CPU.ActiveCfg = Debug|Any CPU
		{4C392FF6-9DFC-4E28-A0F9-4A6B8C011BFA}.Debug|Any CPU.Build.0 = Debug|Any CPU
		{4C392FF6-9DFC-4E28-A0F9-4A6B8C011BFA}.Release|Any CPU.ActiveCfg = Release|Any CPU
		{4C392FF6-9DFC-4E28-A0F9-4A6B8C011BFA}.Release|Any CPU.Build.0 = Release|Any CPU
		{DD45607F-A05C-4898-9A30-4A66CD5E76C5}.Debug|Any CPU.ActiveCfg = Debug|Any CPU
		{DD45607F-A05C-4898-9A30-4A66CD5E76C5}.Debug|Any CPU.Build.0 = Debug|Any CPU
		{DD45607F-A05C-4898-9A30-4A66CD5E76C5}.Release|Any CPU.ActiveCfg = Release|Any CPU
		{DD45607F-A05C-4898-9A30-4A66CD5E76C5}.Release|Any CPU.Build.0 = Release|Any CPU
		{8F4CC825-88E9-47A9-8EAA-F24DE6AC1C2B}.Debug|Any CPU.ActiveCfg = Debug|Any CPU
		{8F4CC825-88E9-47A9-8EAA-F24DE6AC1C2B}.Debug|Any CPU.Build.0 = Debug|Any CPU
		{8F4CC825-88E9-47A9-8EAA-F24DE6AC1C2B}.Release|Any CPU.ActiveCfg = Release|Any CPU
		{8F4CC825-88E9-47A9-8EAA-F24DE6AC1C2B}.Release|Any CPU.Build.0 = Release|Any CPU
		{9C9A4141-CBCE-489C-9E77-0A481C04A269}.Debug|Any CPU.ActiveCfg = Debug|Any CPU
		{9C9A4141-CBCE-489C-9E77-0A481C04A269}.Debug|Any CPU.Build.0 = Debug|Any CPU
		{9C9A4141-CBCE-489C-9E77-0A481C04A269}.Release|Any CPU.ActiveCfg = Release|Any CPU
		{9C9A4141-CBCE-489C-9E77-0A481C04A269}.Release|Any CPU.Build.0 = Release|Any CPU
		{6838A88E-B08C-4C5D-A95C-4C5C8B760EC6}.Debug|Any CPU.ActiveCfg = Debug|Any CPU
		{6838A88E-B08C-4C5D-A95C-4C5C8B760EC6}.Debug|Any CPU.Build.0 = Debug|Any CPU
		{6838A88E-B08C-4C5D-A95C-4C5C8B760EC6}.Release|Any CPU.ActiveCfg = Release|Any CPU
		{6838A88E-B08C-4C5D-A95C-4C5C8B760EC6}.Release|Any CPU.Build.0 = Release|Any CPU
		{79E8F58F-09F9-4AC4-9835-160A21AF40C1}.Debug|Any CPU.ActiveCfg = Debug|Any CPU
		{79E8F58F-09F9-4AC4-9835-160A21AF40C1}.Debug|Any CPU.Build.0 = Debug|Any CPU
		{79E8F58F-09F9-4AC4-9835-160A21AF40C1}.Release|Any CPU.ActiveCfg = Release|Any CPU
		{79E8F58F-09F9-4AC4-9835-160A21AF40C1}.Release|Any CPU.Build.0 = Release|Any CPU
		{EA174694-825A-481B-945D-9175CBB43E42}.Debug|Any CPU.ActiveCfg = Debug|Any CPU
		{EA174694-825A-481B-945D-9175CBB43E42}.Debug|Any CPU.Build.0 = Debug|Any CPU
		{EA174694-825A-481B-945D-9175CBB43E42}.Release|Any CPU.ActiveCfg = Release|Any CPU
		{EA174694-825A-481B-945D-9175CBB43E42}.Release|Any CPU.Build.0 = Release|Any CPU
		{83E0A026-A11C-4615-9085-44E6A3FA75D8}.Debug|Any CPU.ActiveCfg = Debug|Any CPU
		{83E0A026-A11C-4615-9085-44E6A3FA75D8}.Debug|Any CPU.Build.0 = Debug|Any CPU
		{83E0A026-A11C-4615-9085-44E6A3FA75D8}.Release|Any CPU.ActiveCfg = Release|Any CPU
		{83E0A026-A11C-4615-9085-44E6A3FA75D8}.Release|Any CPU.Build.0 = Release|Any CPU
		{5A29B874-8047-40A1-BD17-4E4B932A288A}.Debug|Any CPU.ActiveCfg = Debug|Any CPU
		{5A29B874-8047-40A1-BD17-4E4B932A288A}.Debug|Any CPU.Build.0 = Debug|Any CPU
		{5A29B874-8047-40A1-BD17-4E4B932A288A}.Release|Any CPU.ActiveCfg = Release|Any CPU
		{5A29B874-8047-40A1-BD17-4E4B932A288A}.Release|Any CPU.Build.0 = Release|Any CPU
		{2E270BA8-119D-434D-99E7-F0151EFBADF6}.Debug|Any CPU.ActiveCfg = Debug|Any CPU
		{2E270BA8-119D-434D-99E7-F0151EFBADF6}.Debug|Any CPU.Build.0 = Debug|Any CPU
		{2E270BA8-119D-434D-99E7-F0151EFBADF6}.Release|Any CPU.ActiveCfg = Release|Any CPU
		{2E270BA8-119D-434D-99E7-F0151EFBADF6}.Release|Any CPU.Build.0 = Release|Any CPU
		{1009E225-C857-4108-964B-9DC697D5F6F1}.Debug|Any CPU.ActiveCfg = Debug|Any CPU
		{1009E225-C857-4108-964B-9DC697D5F6F1}.Debug|Any CPU.Build.0 = Debug|Any CPU
		{1009E225-C857-4108-964B-9DC697D5F6F1}.Release|Any CPU.ActiveCfg = Release|Any CPU
		{1009E225-C857-4108-964B-9DC697D5F6F1}.Release|Any CPU.Build.0 = Release|Any CPU
		{B4349FD0-7750-4813-A9A4-71AE6FD9C654}.Debug|Any CPU.ActiveCfg = Debug|Any CPU
		{B4349FD0-7750-4813-A9A4-71AE6FD9C654}.Debug|Any CPU.Build.0 = Debug|Any CPU
		{B4349FD0-7750-4813-A9A4-71AE6FD9C654}.Release|Any CPU.ActiveCfg = Release|Any CPU
		{B4349FD0-7750-4813-A9A4-71AE6FD9C654}.Release|Any CPU.Build.0 = Release|Any CPU
		{14C279E3-7DE3-4104-8186-9640609D526A}.Debug|Any CPU.ActiveCfg = Debug|Any CPU
		{14C279E3-7DE3-4104-8186-9640609D526A}.Debug|Any CPU.Build.0 = Debug|Any CPU
		{14C279E3-7DE3-4104-8186-9640609D526A}.Release|Any CPU.ActiveCfg = Release|Any CPU
		{14C279E3-7DE3-4104-8186-9640609D526A}.Release|Any CPU.Build.0 = Release|Any CPU
		{172E6091-2DD3-4095-A468-D18D6B8E8893}.Debug|Any CPU.ActiveCfg = Debug|Any CPU
		{172E6091-2DD3-4095-A468-D18D6B8E8893}.Debug|Any CPU.Build.0 = Debug|Any CPU
		{172E6091-2DD3-4095-A468-D18D6B8E8893}.Release|Any CPU.ActiveCfg = Release|Any CPU
		{172E6091-2DD3-4095-A468-D18D6B8E8893}.Release|Any CPU.Build.0 = Release|Any CPU
		{F94AE8EE-0D19-47E6-9FF3-A5434A801A8D}.Debug|Any CPU.ActiveCfg = Debug|Any CPU
		{F94AE8EE-0D19-47E6-9FF3-A5434A801A8D}.Debug|Any CPU.Build.0 = Debug|Any CPU
		{F94AE8EE-0D19-47E6-9FF3-A5434A801A8D}.Release|Any CPU.ActiveCfg = Release|Any CPU
		{F94AE8EE-0D19-47E6-9FF3-A5434A801A8D}.Release|Any CPU.Build.0 = Release|Any CPU
		{8F7AECF4-B46A-4037-9E9E-D577377E5B0F}.Debug|Any CPU.ActiveCfg = Debug|Any CPU
		{8F7AECF4-B46A-4037-9E9E-D577377E5B0F}.Debug|Any CPU.Build.0 = Debug|Any CPU
		{8F7AECF4-B46A-4037-9E9E-D577377E5B0F}.Release|Any CPU.ActiveCfg = Release|Any CPU
		{8F7AECF4-B46A-4037-9E9E-D577377E5B0F}.Release|Any CPU.Build.0 = Release|Any CPU
	EndGlobalSection
	GlobalSection(SolutionProperties) = preSolution
		HideSolutionNode = FALSE
	EndGlobalSection
	GlobalSection(NestedProjects) = preSolution
		{9CF62511-A4A6-4E94-AA54-63D6E24C679D} = {AD2CD9CB-E881-4E9D-9412-B95BA823377A}
		{D93BB3B2-2450-4310-986C-AB25A5CFDE65} = {AD2CD9CB-E881-4E9D-9412-B95BA823377A}
		{50D635C1-B181-459E-9858-844807BC1E95} = {AD2CD9CB-E881-4E9D-9412-B95BA823377A}
		{F28FA102-6D79-4887-8CA7-6DC1FC14163E} = {AD2CD9CB-E881-4E9D-9412-B95BA823377A}
		{387FEC7E-4F3F-4CA8-869B-EE8489A7FAE1} = {AD2CD9CB-E881-4E9D-9412-B95BA823377A}
		{B997BF3B-5640-4438-A295-682FD4344B1F} = {AD2CD9CB-E881-4E9D-9412-B95BA823377A}
		{F27401EE-B3BF-4AC8-896E-E417A940A9FC} = {AD2CD9CB-E881-4E9D-9412-B95BA823377A}
		{ED54BBDD-7035-4990-A38E-DFC2E2265069} = {AD2CD9CB-E881-4E9D-9412-B95BA823377A}
		{C93578D1-C9BD-49C4-805E-C7DEDBBE85A5} = {AD2CD9CB-E881-4E9D-9412-B95BA823377A}
		{A8161EE3-0EE7-4B1B-AAAF-70B0E28C2E2E} = {AD2CD9CB-E881-4E9D-9412-B95BA823377A}
		{9631E003-5E9B-4961-A088-C86060EB91A7} = {AD2CD9CB-E881-4E9D-9412-B95BA823377A}
		{690A179D-EBCC-499C-BC7C-773ACBB9C22D} = {AD2CD9CB-E881-4E9D-9412-B95BA823377A}
		{4C392FF6-9DFC-4E28-A0F9-4A6B8C011BFA} = {AD2CD9CB-E881-4E9D-9412-B95BA823377A}
		{DD45607F-A05C-4898-9A30-4A66CD5E76C5} = {AD2CD9CB-E881-4E9D-9412-B95BA823377A}
		{8F4CC825-88E9-47A9-8EAA-F24DE6AC1C2B} = {AD2CD9CB-E881-4E9D-9412-B95BA823377A}
		{9C9A4141-CBCE-489C-9E77-0A481C04A269} = {AD2CD9CB-E881-4E9D-9412-B95BA823377A}
		{6838A88E-B08C-4C5D-A95C-4C5C8B760EC6} = {52AB0427-5C07-4F3F-A4F0-B5D9244080EB}
		{79E8F58F-09F9-4AC4-9835-160A21AF40C1} = {52AB0427-5C07-4F3F-A4F0-B5D9244080EB}
		{EA174694-825A-481B-945D-9175CBB43E42} = {52AB0427-5C07-4F3F-A4F0-B5D9244080EB}
		{83E0A026-A11C-4615-9085-44E6A3FA75D8} = {52AB0427-5C07-4F3F-A4F0-B5D9244080EB}
		{5A29B874-8047-40A1-BD17-4E4B932A288A} = {52AB0427-5C07-4F3F-A4F0-B5D9244080EB}
		{2E270BA8-119D-434D-99E7-F0151EFBADF6} = {6AD2211F-5459-4005-A511-32C33E32C227}
		{1009E225-C857-4108-964B-9DC697D5F6F1} = {6AD2211F-5459-4005-A511-32C33E32C227}
		{B4349FD0-7750-4813-A9A4-71AE6FD9C654} = {6AD2211F-5459-4005-A511-32C33E32C227}
		{14C279E3-7DE3-4104-8186-9640609D526A} = {6AD2211F-5459-4005-A511-32C33E32C227}
		{172E6091-2DD3-4095-A468-D18D6B8E8893} = {6AD2211F-5459-4005-A511-32C33E32C227}
		{F94AE8EE-0D19-47E6-9FF3-A5434A801A8D} = {6AD2211F-5459-4005-A511-32C33E32C227}
		{8F7AECF4-B46A-4037-9E9E-D577377E5B0F} = {6AD2211F-5459-4005-A511-32C33E32C227}
	EndGlobalSection
	GlobalSection(ExtensibilityGlobals) = postSolution
		SolutionGuid = {507483F2-6473-4E25-9502-91CD344E6058}
	EndGlobalSection
EndGlobal
